{
  "name": "youtrack-script-action",
  "version": "1.0.0",
  "lockfileVersion": 3,
  "requires": true,
  "packages": {
    "": {
      "name": "youtrack-script-action",
      "version": "1.0.0",
      "license": "Apache-2.0",
      "dependencies": {
        "@actions/core": "^1.10.0",
        "youtrack-rest-client": "^1.6.0"
      },
      "devDependencies": {
        "@vercel/ncc": "^0.36.1"
      }
    },
    "node_modules/@actions/core": {
      "version": "1.10.0",
      "resolved": "https://registry.npmjs.org/@actions/core/-/core-1.10.0.tgz",
      "integrity": "sha512-2aZDDa3zrrZbP5ZYg159sNoLRb61nQ7awl5pSvIq5Qpj81vwDzdMRKzkWJGJuwVvWpvZKx7vspJALyvaaIQyug==",
      "dependencies": {
        "@actions/http-client": "^2.0.1",
        "uuid": "^8.3.2"
      }
    },
    "node_modules/@actions/http-client": {
      "version": "2.1.0",
      "resolved": "https://registry.npmjs.org/@actions/http-client/-/http-client-2.1.0.tgz",
      "integrity": "sha512-BonhODnXr3amchh4qkmjPMUO8mFi/zLaaCeCAJZqch8iQqyDnVIkySjB38VHAC8IJ+bnlgfOqlhpyCUZHlQsqw==",
      "dependencies": {
        "tunnel": "^0.0.6"
      }
    },
    "node_modules/@types/bluebird": {
      "version": "3.5.38",
      "resolved": "https://registry.npmjs.org/@types/bluebird/-/bluebird-3.5.38.tgz",
      "integrity": "sha512-yR/Kxc0dd4FfwtEoLZMoqJbM/VE/W7hXn/MIjb+axcwag0iFmSPK7OBUZq1YWLynJUoWQkfUrI7T0HDqGApNSg=="
    },
    "node_modules/@types/caseless": {
      "version": "0.12.2",
      "resolved": "https://registry.npmjs.org/@types/caseless/-/caseless-0.12.2.tgz",
      "integrity": "sha512-6ckxMjBBD8URvjB6J3NcnuAn5Pkl7t3TizAg+xdlzzQGSPSmBcXf8KoIH0ua/i+tio+ZRUHEXp0HEmvaR4kt0w=="
    },
    "node_modules/@types/node": {
      "version": "20.2.5",
      "resolved": "https://registry.npmjs.org/@types/node/-/node-20.2.5.tgz",
      "integrity": "sha512-JJulVEQXmiY9Px5axXHeYGLSjhkZEnD+MDPDGbCbIAbMslkKwmygtZFy1X6s/075Yo94sf8GuSlFfPzysQrWZQ=="
    },
    "node_modules/@types/request": {
      "version": "2.48.8",
      "resolved": "https://registry.npmjs.org/@types/request/-/request-2.48.8.tgz",
      "integrity": "sha512-whjk1EDJPcAR2kYHRbFl/lKeeKYTi05A15K9bnLInCVroNDCtXce57xKdI0/rQaA3K+6q0eFyUBPmqfSndUZdQ==",
      "dependencies": {
        "@types/caseless": "*",
        "@types/node": "*",
        "@types/tough-cookie": "*",
        "form-data": "^2.5.0"
      }
    },
    "node_modules/@types/request-promise": {
      "version": "4.1.48",
      "resolved": "https://registry.npmjs.org/@types/request-promise/-/request-promise-4.1.48.tgz",
      "integrity": "sha512-sLsfxfwP5G3E3U64QXxKwA6ctsxZ7uKyl4I28pMj3JvV+ztWECRns73GL71KMOOJME5u1A5Vs5dkBqyiR1Zcnw==",
      "dependencies": {
        "@types/bluebird": "*",
        "@types/request": "*"
      }
    },
    "node_modules/@types/string-template": {
      "version": "1.0.2",
      "resolved": "https://registry.npmjs.org/@types/string-template/-/string-template-1.0.2.tgz",
      "integrity": "sha512-7VFuFekVzbr0uktqfBmsJc/CqjwnXWWOc5mHn7rajxzhLO9aM9nMMhtpa+90UK1GW6C0ctQF/9Fh0qJBwjqNXg=="
    },
    "node_modules/@types/tough-cookie": {
      "version": "4.0.2",
      "resolved": "https://registry.npmjs.org/@types/tough-cookie/-/tough-cookie-4.0.2.tgz",
      "integrity": "sha512-Q5vtl1W5ue16D+nIaW8JWebSSraJVlK+EthKn7e7UcD4KWsaSJ8BqGPXNaPghgtcn/fhvrN17Tv8ksUsQpiplw=="
    },
    "node_modules/@vercel/ncc": {
      "version": "0.36.1",
      "resolved": "https://registry.npmjs.org/@vercel/ncc/-/ncc-0.36.1.tgz",
      "integrity": "sha512-S4cL7Taa9yb5qbv+6wLgiKVZ03Qfkc4jGRuiUQMQ8HGBD5pcNRnHeYM33zBvJE4/zJGjJJ8GScB+WmTsn9mORw==",
      "dev": true,
      "bin": {
        "ncc": "dist/ncc/cli.js"
      }
    },
    "node_modules/asynckit": {
      "version": "0.4.0",
      "resolved": "https://registry.npmjs.org/asynckit/-/asynckit-0.4.0.tgz",
      "integrity": "sha512-Oei9OH4tRh0YqU3GxhX79dM/mwVgvbZJaSNaRk+bshkj0S5cfHcgYakreBjrHwatXKbz+IoIdYLxrKim2MjW0Q=="
    },
    "node_modules/axios": {
      "version": "1.4.0",
      "resolved": "https://registry.npmjs.org/axios/-/axios-1.4.0.tgz",
      "integrity": "sha512-S4XCWMEmzvo64T9GfvQDOXgYRDJ/wsSZc7Jvdgx5u1sd0JwsuPLqb3SYmusag+edF6ziyMensPVqLTSc1PiSEA==",
      "dependencies": {
        "follow-redirects": "^1.15.0",
        "form-data": "^4.0.0",
        "proxy-from-env": "^1.1.0"
      }
    },
    "node_modules/axios-mock-adapter": {
      "version": "1.21.4",
      "resolved": "https://registry.npmjs.org/axios-mock-adapter/-/axios-mock-adapter-1.21.4.tgz",
      "integrity": "sha512-ztnENm28ONAKeRXC/6SUW6pcsaXbThKq93MRDRAA47LYTzrGSDoO/DCr1NHz7jApEl95DrBoGPvZ0r9xtSbjqw==",
      "dependencies": {
        "fast-deep-equal": "^3.1.3",
        "is-buffer": "^2.0.5"
      },
      "peerDependencies": {
        "axios": ">= 0.17.0"
      }
    },
    "node_modules/axios/node_modules/form-data": {
      "version": "4.0.0",
      "resolved": "https://registry.npmjs.org/form-data/-/form-data-4.0.0.tgz",
      "integrity": "sha512-ETEklSGi5t0QMZuiXoA/Q6vcnxcLQP5vdugSpuAyi6SVGi2clPPp+xgEhuMaHC+zGgn31Kd235W35f7Hykkaww==",
      "dependencies": {
        "asynckit": "^0.4.0",
        "combined-stream": "^1.0.8",
        "mime-types": "^2.1.12"
      },
      "engines": {
        "node": ">= 6"
      }
    },
    "node_modules/combined-stream": {
      "version": "1.0.8",
      "resolved": "https://registry.npmjs.org/combined-stream/-/combined-stream-1.0.8.tgz",
      "integrity": "sha512-FQN4MRfuJeHf7cBbBMJFXhKSDq+2kAArBlmRBvcvFE5BB1HZKXtSFASDhdlz9zOYwxh8lDdnvmMOe/+5cdoEdg==",
      "dependencies": {
        "delayed-stream": "~1.0.0"
      },
      "engines": {
        "node": ">= 0.8"
      }
    },
    "node_modules/delayed-stream": {
      "version": "1.0.0",
      "resolved": "https://registry.npmjs.org/delayed-stream/-/delayed-stream-1.0.0.tgz",
      "integrity": "sha512-ZySD7Nf91aLB0RxL4KGrKHBXl7Eds1DAmEdcoVawXnLD7SDhpNgtuII2aAkg7a7QS41jxPSZ17p4VdGnMHk3MQ==",
      "engines": {
        "node": ">=0.4.0"
      }
    },
    "node_modules/fast-deep-equal": {
      "version": "3.1.3",
      "resolved": "https://registry.npmjs.org/fast-deep-equal/-/fast-deep-equal-3.1.3.tgz",
      "integrity": "sha512-f3qQ9oQy9j2AhBe/H9VC91wLmKBCCU/gDOnKNAYG5hswO7BLKj09Hc5HYNz9cGI++xlpDCIgDaitVs03ATR84Q=="
    },
    "node_modules/follow-redirects": {
      "version": "1.15.2",
      "resolved": "https://registry.npmjs.org/follow-redirects/-/follow-redirects-1.15.2.tgz",
      "integrity": "sha512-VQLG33o04KaQ8uYi2tVNbdrWp1QWxNNea+nmIB4EVM28v0hmP17z7aG1+wAkNzVq4KeXTq3221ye5qTJP91JwA==",
      "funding": [
        {
          "type": "individual",
          "url": "https://github.com/sponsors/RubenVerborgh"
        }
      ],
      "engines": {
        "node": ">=4.0"
      },
      "peerDependenciesMeta": {
        "debug": {
          "optional": true
        }
      }
    },
    "node_modules/form-data": {
      "version": "2.5.1",
      "resolved": "https://registry.npmjs.org/form-data/-/form-data-2.5.1.tgz",
      "integrity": "sha512-m21N3WOmEEURgk6B9GLOE4RuWOFf28Lhh9qGYeNlGq4VDXUlJy2th2slBNU8Gp8EzloYZOibZJ7t5ecIrFSjVA==",
      "dependencies": {
        "asynckit": "^0.4.0",
        "combined-stream": "^1.0.6",
        "mime-types": "^2.1.12"
      },
      "engines": {
        "node": ">= 0.12"
      }
    },
    "node_modules/is-buffer": {
      "version": "2.0.5",
      "resolved": "https://registry.npmjs.org/is-buffer/-/is-buffer-2.0.5.tgz",
      "integrity": "sha512-i2R6zNFDwgEHJyQUtJEk0XFi1i0dPFn/oqjK3/vPCcDeJvW5NQ83V8QbicfF1SupOaB0h8ntgBC2YiE7dfyctQ==",
      "funding": [
        {
          "type": "github",
          "url": "https://github.com/sponsors/feross"
        },
        {
          "type": "patreon",
          "url": "https://www.patreon.com/feross"
        },
        {
          "type": "consulting",
          "url": "https://feross.org/support"
        }
      ],
      "engines": {
        "node": ">=4"
      }
    },
    "node_modules/mime-db": {
      "version": "1.52.0",
      "resolved": "https://registry.npmjs.org/mime-db/-/mime-db-1.52.0.tgz",
      "integrity": "sha512-sPU4uV7dYlvtWJxwwxHD0PuihVNiE7TyAbQ5SWxDCB9mUYvOgroQOwYQQOKPJ8CIbE+1ETVlOoK1UC2nU3gYvg==",
      "engines": {
        "node": ">= 0.6"
      }
    },
    "node_modules/mime-types": {
      "version": "2.1.35",
      "resolved": "https://registry.npmjs.org/mime-types/-/mime-types-2.1.35.tgz",
      "integrity": "sha512-ZDY+bPm5zTTF+YpCrAU9nK0UgICYPT0QtT1NZWFv4s++TNkcgVaT0g6+4R2uI4MjQjzysHB1zxuWL50hzaeXiw==",
      "dependencies": {
        "mime-db": "1.52.0"
      },
      "engines": {
        "node": ">= 0.6"
      }
    },
    "node_modules/proxy-from-env": {
      "version": "1.1.0",
      "resolved": "https://registry.npmjs.org/proxy-from-env/-/proxy-from-env-1.1.0.tgz",
      "integrity": "sha512-D+zkORCbA9f1tdWRK0RaCR3GPv50cMxcrz4X8k5LTSUD1Dkw47mKJEZQNunItRTkWwgtaUSo1RVFRIG9ZXiFYg=="
    },
    "node_modules/string-template": {
      "version": "1.0.0",
      "resolved": "https://registry.npmjs.org/string-template/-/string-template-1.0.0.tgz",
      "integrity": "sha512-SLqR3GBUXuoPP5MmYtD7ompvXiG87QjT6lzOszyXjTM86Uu7At7vNnt2xgyTLq5o9T4IxTYFyGxcULqpsmsfdg=="
    },
    "node_modules/tunnel": {
      "version": "0.0.6",
      "resolved": "https://registry.npmjs.org/tunnel/-/tunnel-0.0.6.tgz",
      "integrity": "sha512-1h/Lnq9yajKY2PEbBadPXj3VxsDDu844OnaAo52UVmIzIvwwtBPIuNvkjuzBlTWpfJyUbG3ez0KSBibQkj4ojg==",
      "engines": {
        "node": ">=0.6.11 <=0.7.0 || >=0.7.3"
      }
    },
    "node_modules/uuid": {
      "version": "8.3.2",
      "resolved": "https://registry.npmjs.org/uuid/-/uuid-8.3.2.tgz",
      "integrity": "sha512-+NYs2QeMWy+GWFOEm9xnn6HCDp0l7QBD7ml8zLUmJ+93Q5NF0NocErnwkTkXVFNiX3/fpC6afS8Dhb/gz7R7eg==",
      "bin": {
        "uuid": "dist/bin/uuid"
      }
    },
    "node_modules/youtrack-rest-client": {
      "version": "1.6.0",
      "resolved": "https://registry.npmjs.org/youtrack-rest-client/-/youtrack-rest-client-1.6.0.tgz",
      "integrity": "sha512-QHlh5Nz6e1+Z7wix98Ekj4BWV/gXVipDJ4FlJHj8tG04Q0lqSZdyfvGW7GcPWGg4lgMeFvT6Y+MYA/T2j0oMAA==",
      "dependencies": {
        "@types/request": "^2.48.0",
        "@types/request-promise": "^4.1.42",
        "@types/string-template": "^1.0.2",
        "axios": "^1.2.1",
        "axios-mock-adapter": "^1.21.2",
        "string-template": "^1.0.0"
      }
    }
  }
}
